
Microsoft Visual Studio Solution File, Format Version 12.00
# Visual Studio Version 17
VisualStudioVersion = 17.2.32519.379
MinimumVisualStudioVersion = 10.0.40219.1
Project("{FAE04EC0-301F-11D3-BF4B-00C04F79EFBC}") = "Solid", "Solid\Solid.csproj", "{66B2357D-EA67-4991-8BEB-8B8F6B753FBA}"
EndProject
Global
	GlobalSection(SolutionConfigurationPlatforms) = preSolution
		Debug|Any CPU = Debug|Any CPU
		Release|Any CPU = Release|Any CPU
	EndGlobalSection
	GlobalSection(ProjectConfigurationPlatforms) = postSolution
		{66B2357D-EA67-4991-8BEB-8B8F6B753FBA}.Debug|Any CPU.ActiveCfg = Debug|Any CPU
		{66B2357D-EA67-4991-8BEB-8B8F6B753FBA}.Debug|Any CPU.Build.0 = Debug|Any CPU
		{66B2357D-EA67-4991-8BEB-8B8F6B753FBA}.Release|Any CPU.ActiveCfg = Release|Any CPU
		{66B2357D-EA67-4991-8BEB-8B8F6B753FBA}.Release|Any CPU.Build.0 = Release|Any CPU
	EndGlobalSection
	GlobalSection(SolutionProperties) = preSolution
		HideSolutionNode = FALSE
	EndGlobalSection
	GlobalSection(ExtensibilityGlobals) = postSolution
		SolutionGuid = {D39FEB28-D3E9-4C92-84B0-8905F3599287}
	EndGlobalSection
EndGlobal
